
Microsoft Visual Studio Solution File, Format Version 12.00
# Visual Studio Version 17
VisualStudioVersion = 17.4.33103.184
MinimumVisualStudioVersion = 10.0.40219.1
Project("{FAE04EC0-301F-11D3-BF4B-00C04F79EFBC}") = "MVCD3", "MVCD3\MVCD3.csproj", "{87BCBF1B-ACE2-4689-90C2-3B378F33B258}"
EndProject
Global
	GlobalSection(SolutionConfigurationPlatforms) = preSolution
		Debug|Any CPU = Debug|Any CPU
		Release|Any CPU = Release|Any CPU
	EndGlobalSection
	GlobalSection(ProjectConfigurationPlatforms) = postSolution
		{87BCBF1B-ACE2-4689-90C2-3B378F33B258}.Debug|Any CPU.ActiveCfg = Debug|Any CPU
		{87BCBF1B-ACE2-4689-90C2-3B378F33B258}.Debug|Any CPU.Build.0 = Debug|Any CPU
		{87BCBF1B-ACE2-4689-90C2-3B378F33B258}.Release|Any CPU.ActiveCfg = Release|Any CPU
		{87BCBF1B-ACE2-4689-90C2-3B378F33B258}.Release|Any CPU.Build.0 = Release|Any CPU
	EndGlobalSection
	GlobalSection(SolutionProperties) = preSolution
		HideSolutionNode = FALSE
	EndGlobalSection
	GlobalSection(ExtensibilityGlobals) = postSolution
		SolutionGuid = {61B0869D-394D-4D78-8E43-F2FCC7C928EA}
	EndGlobalSection
EndGlobal
